name: base
channels:
  - conda-forge
  - defaults
dependencies:
  - _libgcc_mutex=0.1=conda_forge
  - _openmp_mutex=4.5=2_kmp_llvm
  - boltons=23.0.0=py310h06a4308_0
  - brotlipy=0.7.0=py310h7f8727e_1002
  - bzip2=1.0.8=h7b6447c_0
  - c-ares=1.18.1=h7f98852_0
  - ca-certificates=2022.12.7=ha878542_0
  - certifi=2022.12.7=pyhd8ed1ab_0
  - cffi=1.15.1=py310h5eee18b_3
  - charset-normalizer=2.0.4=pyhd3eb1b0_0
  - conda=23.3.1=py310hff52083_0
  - conda-content-trust=0.1.3=py310h06a4308_0
  - conda-package-handling=2.0.2=py310h06a4308_0
  - conda-package-streaming=0.7.0=py310h06a4308_0
  - cryptography=39.0.1=py310h9ce1e76_0
  - fmt=9.1.0=h924138e_0
  - icu=72.1=hcb278e6_0
  - idna=3.4=py310h06a4308_0
  - jsonpatch=1.32=pyhd3eb1b0_0
  - jsonpointer=2.1=pyhd3eb1b0_0
  - keyutils=1.6.1=h166bdaf_0
  - krb5=1.20.1=h81ceb04_0
  - ld_impl_linux-64=2.38=h1181459_1
  - libarchive=3.6.2=h3d51595_0
  - libcurl=8.0.1=h588be90_0
  - libedit=3.1.20191231=he28a2e2_2
  - libev=4.33=h516909a_1
  - libffi=3.4.2=h6a678d5_6
  - libgcc-ng=12.2.0=h65d4601_19
  - libiconv=1.17=h166bdaf_0
  - libmamba=1.4.2=hcea66bb_0
  - libmambapy=1.4.2=py310h1428755_0
  - libnghttp2=1.52.0=h61bc06f_0
  - libnsl=2.0.0=h7f98852_0
  - libsolv=0.7.23=h3eb15da_0
  - libsqlite=3.40.0=h753d276_1
  - libssh2=1.10.0=hf14f497_3
  - libstdcxx-ng=12.2.0=h46fd767_19
  - libuuid=2.38.1=h0b41bf4_0
  - libxml2=2.10.4=hfdac1af_0
  - libzlib=1.2.13=h166bdaf_4
  - llvm-openmp=16.0.2=h4dfa4b3_0
  - lz4-c=1.9.4=hcb278e6_0
  - lzo=2.10=h516909a_1000
  - mamba=1.4.2=py310h51d5547_0
  - ncurses=6.4=h6a678d5_0
  - openssl=3.1.0=hd590300_3
  - packaging=23.0=py310h06a4308_0
  - pip=23.0.1=py310h06a4308_0
  - pluggy=1.0.0=py310h06a4308_1
  - pybind11-abi=4=hd8ed1ab_3
  - pycosat=0.6.4=py310h5eee18b_0
  - pycparser=2.21=pyhd3eb1b0_0
  - pyopenssl=23.0.0=py310h06a4308_0
  - pysocks=1.7.1=py310h06a4308_0
  - python=3.10.10=he550d4f_0_cpython
  - python_abi=3.10=3_cp310
  - readline=8.2=h5eee18b_0
  - reproc=14.2.4=h0b41bf4_0
  - reproc-cpp=14.2.4=hcb278e6_0
  - requests=2.28.1=py310h06a4308_1
  - ruamel.yaml=0.17.21=py310h5eee18b_0
  - ruamel.yaml.clib=0.2.6=py310h5eee18b_1
  - setuptools=65.6.3=py310h06a4308_0
  - six=1.16.0=pyhd3eb1b0_1
  - sqlite=3.41.1=h5eee18b_0
  - tk=8.6.12=h1ccaba5_0
  - toolz=0.12.0=py310h06a4308_0
  - tqdm=4.65.0=py310h2f386ee_0
  - tzdata=2023c=h04d1e81_0
  - urllib3=1.26.15=py310h06a4308_0
  - wheel=0.38.4=py310h06a4308_0
  - xz=5.2.10=h5eee18b_1
  - yaml-cpp=0.7.0=h27087fc_2
  - zlib=1.2.13=h166bdaf_4
  - zstandard=0.19.0=py310h5eee18b_0
  - zstd=1.5.2=h3eb15da_6
  - pip:
      - alabaster==0.7.13
      - babel==2.12.1
      - docutils==0.18.1
      - imagesize==1.4.1
      - jinja2==3.1.2
      - markupsafe==2.1.2
      - pygments==2.15.1
      - snowballstemmer==2.2.0
      - sphinx==6.2.1
      - sphinx-rtd-theme==1.2.0
      - sphinxcontrib-applehelp==1.0.4
      - sphinxcontrib-devhelp==1.0.2
      - sphinxcontrib-htmlhelp==2.0.1
      - sphinxcontrib-jquery==4.1
      - sphinxcontrib-jsmath==1.0.1
      - sphinxcontrib-qthelp==1.0.3
      - sphinxcontrib-serializinghtml==1.1.5
prefix: /home/anouk/miniconda3
